PODS:
  - SwiftElements (0.0.19):
    - SwiftElements/PagingViewController (= 0.0.19)
    - SwiftElements/PhotonActionSheet (= 0.0.19)
  - SwiftElements/PagingViewController (0.0.19)
  - SwiftElements/PhotonActionSheet (0.0.19)

DEPENDENCIES:
  - SwiftElements (from `../`)

EXTERNAL SOURCES:
  SwiftElements:
    :path: "../"

SPEC CHECKSUMS:
  SwiftElements: 198460f38c3411152402b29242ba89ac73ef4683

PODFILE CHECKSUM: 2f0d3eed471ce4bd6bba01b3d3c5c8e5281f16ce

COCOAPODS: 1.11.3
