PODS:
  - SwiftElements (0.0.20):
    - SwiftElements/PagingViewController (= 0.0.20)
    - SwiftElements/PhotonActionSheet (= 0.0.20)
  - SwiftElements/PagingViewController (0.0.20)
  - SwiftElements/PhotonActionSheet (0.0.20)

DEPENDENCIES:
  - SwiftElements (from `../`)

EXTERNAL SOURCES:
  SwiftElements:
    :path: "../"

SPEC CHECKSUMS:
  SwiftElements: f267662c3c7a0c9e72e47517523459ec54052b12

PODFILE CHECKSUM: 2f0d3eed471ce4bd6bba01b3d3c5c8e5281f16ce

COCOAPODS: 1.11.3
