// !$*UTF8*$!
{
	archiveVersion = 1;
	classes = {
	};
	objectVersion = 55;
	objects = {

/* Begin PBXBuildFile section */
		7E331240296560AF003A5DE3 /* AppDelegate.swift in Sources */ = {isa = PBXBuildFile; fileRef = 7E33123F296560AF003A5DE3 /* AppDelegate.swift */; };
		7E331242296560AF003A5DE3 /* SceneDelegate.swift in Sources */ = {isa = PBXBuildFile; fileRef = 7E331241296560AF003A5DE3 /* SceneDelegate.swift */; };
		7E331244296560AF003A5DE3 /* ViewController.swift in Sources */ = {isa = PBXBuildFile; fileRef = 7E331243296560AF003A5DE3 /* ViewController.swift */; };
		7E331247296560B0003A5DE3 /* Main.storyboard in Resources */ = {isa = PBXBuildFile; fileRef = 7E331245296560B0003A5DE3 /* Main.storyboard */; };
		7E331249296560B2003A5DE3 /* Assets.xcassets in Resources */ = {isa = PBXBuildFile; fileRef = 7E331248296560B2003A5DE3 /* Assets.xcassets */; };
		7E33124C296560B2003A5DE3 /* LaunchScreen.storyboard in Resources */ = {isa = PBXBuildFile; fileRef = 7E33124A296560B2003A5DE3 /* LaunchScreen.storyboard */; };
		7E331257296560B2003A5DE3 /* ElementsTests.swift in Sources */ = {isa = PBXBuildFile; fileRef = 7E331256296560B2003A5DE3 /* ElementsTests.swift */; };
		7E331261296560B2003A5DE3 /* ElementsUITests.swift in Sources */ = {isa = PBXBuildFile; fileRef = 7E331260296560B2003A5DE3 /* ElementsUITests.swift */; };
		7E331263296560B2003A5DE3 /* ElementsUITestsLaunchTests.swift in Sources */ = {isa = PBXBuildFile; fileRef = 7E331262296560B2003A5DE3 /* ElementsUITestsLaunchTests.swift */; };
		7E331273296561A1003A5DE3 /* SegmentControl.swift in Sources */ = {isa = PBXBuildFile; fileRef = 7E331272296561A1003A5DE3 /* SegmentControl.swift */; };
		7E331276296561BF003A5DE3 /* Segment.swift in Sources */ = {isa = PBXBuildFile; fileRef = 7E331275296561BF003A5DE3 /* Segment.swift */; };
		7E3312782965640D003A5DE3 /* SegmentControlCell.swift in Sources */ = {isa = PBXBuildFile; fileRef = 7E3312772965640D003A5DE3 /* SegmentControlCell.swift */; };
		7E33127A2965643C003A5DE3 /* SegmentControlOvalCell.swift in Sources */ = {isa = PBXBuildFile; fileRef = 7E3312792965643C003A5DE3 /* SegmentControlOvalCell.swift */; };
		7E33127C29656444003A5DE3 /* SegmentControlIndicatorCell.swift in Sources */ = {isa = PBXBuildFile; fileRef = 7E33127B29656444003A5DE3 /* SegmentControlIndicatorCell.swift */; };
		7E33127E296564AE003A5DE3 /* Alignment.swift in Sources */ = {isa = PBXBuildFile; fileRef = 7E33127D296564AE003A5DE3 /* Alignment.swift */; };
		7E33128029656549003A5DE3 /* Layout.swift in Sources */ = {isa = PBXBuildFile; fileRef = 7E33127F29656549003A5DE3 /* Layout.swift */; };
		7E33128229656DAF003A5DE3 /* Style.swift in Sources */ = {isa = PBXBuildFile; fileRef = 7E33128129656DAF003A5DE3 /* Style.swift */; };
/* End PBXBuildFile section */

/* Begin PBXContainerItemProxy section */
		7E331253296560B2003A5DE3 /* PBXContainerItemProxy */ = {
			isa = PBXContainerItemProxy;
			containerPortal = 7E331234296560AF003A5DE3 /* Project object */;
			proxyType = 1;
			remoteGlobalIDString = 7E33123B296560AF003A5DE3;
			remoteInfo = Elements;
		};
		7E33125D296560B2003A5DE3 /* PBXContainerItemProxy */ = {
			isa = PBXContainerItemProxy;
			containerPortal = 7E331234296560AF003A5DE3 /* Project object */;
			proxyType = 1;
			remoteGlobalIDString = 7E33123B296560AF003A5DE3;
			remoteInfo = Elements;
		};
/* End PBXContainerItemProxy section */

/* Begin PBXFileReference section */
		7E33123C296560AF003A5DE3 /* Elements.app */ = {isa = PBXFileReference; explicitFileType = wrapper.application; includeInIndex = 0; path = Elements.app; sourceTree = BUILT_PRODUCTS_DIR; };
		7E33123F296560AF003A5DE3 /* AppDelegate.swift */ = {isa = PBXFileReference; lastKnownFileType = sourcecode.swift; path = AppDelegate.swift; sourceTree = "<group>"; };
		7E331241296560AF003A5DE3 /* SceneDelegate.swift */ = {isa = PBXFileReference; lastKnownFileType = sourcecode.swift; path = SceneDelegate.swift; sourceTree = "<group>"; };
		7E331243296560AF003A5DE3 /* ViewController.swift */ = {isa = PBXFileReference; lastKnownFileType = sourcecode.swift; path = ViewController.swift; sourceTree = "<group>"; };
		7E331246296560B0003A5DE3 /* Base */ = {isa = PBXFileReference; lastKnownFileType = file.storyboard; name = Base; path = Base.lproj/Main.storyboard; sourceTree = "<group>"; };
		7E331248296560B2003A5DE3 /* Assets.xcassets */ = {isa = PBXFileReference; lastKnownFileType = folder.assetcatalog; path = Assets.xcassets; sourceTree = "<group>"; };
		7E33124B296560B2003A5DE3 /* Base */ = {isa = PBXFileReference; lastKnownFileType = file.storyboard; name = Base; path = Base.lproj/LaunchScreen.storyboard; sourceTree = "<group>"; };
		7E33124D296560B2003A5DE3 /* Info.plist */ = {isa = PBXFileReference; lastKnownFileType = text.plist.xml; path = Info.plist; sourceTree = "<group>"; };
		7E331252296560B2003A5DE3 /* ElementsTests.xctest */ = {isa = PBXFileReference; explicitFileType = wrapper.cfbundle; includeInIndex = 0; path = ElementsTests.xctest; sourceTree = BUILT_PRODUCTS_DIR; };
		7E331256296560B2003A5DE3 /* ElementsTests.swift */ = {isa = PBXFileReference; lastKnownFileType = sourcecode.swift; path = ElementsTests.swift; sourceTree = "<group>"; };
		7E33125C296560B2003A5DE3 /* ElementsUITests.xctest */ = {isa = PBXFileReference; explicitFileType = wrapper.cfbundle; includeInIndex = 0; path = ElementsUITests.xctest; sourceTree = BUILT_PRODUCTS_DIR; };
		7E331260296560B2003A5DE3 /* ElementsUITests.swift */ = {isa = PBXFileReference; lastKnownFileType = sourcecode.swift; path = ElementsUITests.swift; sourceTree = "<group>"; };
		7E331262296560B2003A5DE3 /* ElementsUITestsLaunchTests.swift */ = {isa = PBXFileReference; lastKnownFileType = sourcecode.swift; path = ElementsUITestsLaunchTests.swift; sourceTree = "<group>"; };
		7E331272296561A1003A5DE3 /* SegmentControl.swift */ = {isa = PBXFileReference; lastKnownFileType = sourcecode.swift; path = SegmentControl.swift; sourceTree = "<group>"; };
		7E331275296561BF003A5DE3 /* Segment.swift */ = {isa = PBXFileReference; lastKnownFileType = sourcecode.swift; path = Segment.swift; sourceTree = "<group>"; };
		7E3312772965640D003A5DE3 /* SegmentControlCell.swift */ = {isa = PBXFileReference; lastKnownFileType = sourcecode.swift; path = SegmentControlCell.swift; sourceTree = "<group>"; };
		7E3312792965643C003A5DE3 /* SegmentControlOvalCell.swift */ = {isa = PBXFileReference; lastKnownFileType = sourcecode.swift; path = SegmentControlOvalCell.swift; sourceTree = "<group>"; };
		7E33127B29656444003A5DE3 /* SegmentControlIndicatorCell.swift */ = {isa = PBXFileReference; lastKnownFileType = sourcecode.swift; path = SegmentControlIndicatorCell.swift; sourceTree = "<group>"; };
		7E33127D296564AE003A5DE3 /* Alignment.swift */ = {isa = PBXFileReference; lastKnownFileType = sourcecode.swift; path = Alignment.swift; sourceTree = "<group>"; };
		7E33127F29656549003A5DE3 /* Layout.swift */ = {isa = PBXFileReference; lastKnownFileType = sourcecode.swift; path = Layout.swift; sourceTree = "<group>"; };
		7E33128129656DAF003A5DE3 /* Style.swift */ = {isa = PBXFileReference; lastKnownFileType = sourcecode.swift; path = Style.swift; sourceTree = "<group>"; };
/* End PBXFileReference section */

/* Begin PBXFrameworksBuildPhase section */
		7E331239296560AF003A5DE3 /* Frameworks */ = {
			isa = PBXFrameworksBuildPhase;
			buildActionMask = 2147483647;
			files = (
			);
			runOnlyForDeploymentPostprocessing = 0;
		};
		7E33124F296560B2003A5DE3 /* Frameworks */ = {
			isa = PBXFrameworksBuildPhase;
			buildActionMask = 2147483647;
			files = (
			);
			runOnlyForDeploymentPostprocessing = 0;
		};
		7E331259296560B2003A5DE3 /* Frameworks */ = {
			isa = PBXFrameworksBuildPhase;
			buildActionMask = 2147483647;
			files = (
			);
			runOnlyForDeploymentPostprocessing = 0;
		};
/* End PBXFrameworksBuildPhase section */

/* Begin PBXGroup section */
		7E331233296560AF003A5DE3 = {
			isa = PBXGroup;
			children = (
				7E33123E296560AF003A5DE3 /* Elements */,
				7E331255296560B2003A5DE3 /* ElementsTests */,
				7E33125F296560B2003A5DE3 /* ElementsUITests */,
				7E33123D296560AF003A5DE3 /* Products */,
			);
			sourceTree = "<group>";
		};
		7E33123D296560AF003A5DE3 /* Products */ = {
			isa = PBXGroup;
			children = (
				7E33123C296560AF003A5DE3 /* Elements.app */,
				7E331252296560B2003A5DE3 /* ElementsTests.xctest */,
				7E33125C296560B2003A5DE3 /* ElementsUITests.xctest */,
			);
			name = Products;
			sourceTree = "<group>";
		};
		7E33123E296560AF003A5DE3 /* Elements */ = {
			isa = PBXGroup;
			children = (
				7E33123F296560AF003A5DE3 /* AppDelegate.swift */,
				7E331241296560AF003A5DE3 /* SceneDelegate.swift */,
				7E331243296560AF003A5DE3 /* ViewController.swift */,
				7E33126F2965610C003A5DE3 /* Components */,
				7E33127029656129003A5DE3 /* Resource */,
				7E33124D296560B2003A5DE3 /* Info.plist */,
			);
			path = Elements;
			sourceTree = "<group>";
		};
		7E331255296560B2003A5DE3 /* ElementsTests */ = {
			isa = PBXGroup;
			children = (
				7E331256296560B2003A5DE3 /* ElementsTests.swift */,
			);
			path = ElementsTests;
			sourceTree = "<group>";
		};
		7E33125F296560B2003A5DE3 /* ElementsUITests */ = {
			isa = PBXGroup;
			children = (
				7E331260296560B2003A5DE3 /* ElementsUITests.swift */,
				7E331262296560B2003A5DE3 /* ElementsUITestsLaunchTests.swift */,
			);
			path = ElementsUITests;
			sourceTree = "<group>";
		};
		7E33126F2965610C003A5DE3 /* Components */ = {
			isa = PBXGroup;
			children = (
				7E3312712965616F003A5DE3 /* SegmentControl */,
			);
			path = Components;
			sourceTree = "<group>";
		};
		7E33127029656129003A5DE3 /* Resource */ = {
			isa = PBXGroup;
			children = (
				7E331245296560B0003A5DE3 /* Main.storyboard */,
				7E331248296560B2003A5DE3 /* Assets.xcassets */,
				7E33124A296560B2003A5DE3 /* LaunchScreen.storyboard */,
			);
			path = Resource;
			sourceTree = "<group>";
		};
		7E3312712965616F003A5DE3 /* SegmentControl */ = {
			isa = PBXGroup;
			children = (
				7E33127F29656549003A5DE3 /* Layout.swift */,
				7E331275296561BF003A5DE3 /* Segment.swift */,
				7E33128129656DAF003A5DE3 /* Style.swift */,
				7E33127D296564AE003A5DE3 /* Alignment.swift */,
				7E331272296561A1003A5DE3 /* SegmentControl.swift */,
				7E331274296561A9003A5DE3 /* Cell */,
			);
			path = SegmentControl;
			sourceTree = "<group>";
		};
		7E331274296561A9003A5DE3 /* Cell */ = {
			isa = PBXGroup;
			children = (
				7E3312772965640D003A5DE3 /* SegmentControlCell.swift */,
				7E3312792965643C003A5DE3 /* SegmentControlOvalCell.swift */,
				7E33127B29656444003A5DE3 /* SegmentControlIndicatorCell.swift */,
			);
			path = Cell;
			sourceTree = "<group>";
		};
/* End PBXGroup section */

/* Begin PBXNativeTarget section */
		7E33123B296560AF003A5DE3 /* Elements */ = {
			isa = PBXNativeTarget;
			buildConfigurationList = 7E331266296560B2003A5DE3 /* Build configuration list for PBXNativeTarget "Elements" */;
			buildPhases = (
				7E331238296560AF003A5DE3 /* Sources */,
				7E331239296560AF003A5DE3 /* Frameworks */,
				7E33123A296560AF003A5DE3 /* Resources */,
			);
			buildRules = (
			);
			dependencies = (
			);
			name = Elements;
			productName = Elements;
			productReference = 7E33123C296560AF003A5DE3 /* Elements.app */;
			productType = "com.apple.product-type.application";
		};
		7E331251296560B2003A5DE3 /* ElementsTests */ = {
			isa = PBXNativeTarget;
			buildConfigurationList = 7E331269296560B2003A5DE3 /* Build configuration list for PBXNativeTarget "ElementsTests" */;
			buildPhases = (
				7E33124E296560B2003A5DE3 /* Sources */,
				7E33124F296560B2003A5DE3 /* Frameworks */,
				7E331250296560B2003A5DE3 /* Resources */,
			);
			buildRules = (
			);
			dependencies = (
				7E331254296560B2003A5DE3 /* PBXTargetDependency */,
			);
			name = ElementsTests;
			productName = ElementsTests;
			productReference = 7E331252296560B2003A5DE3 /* ElementsTests.xctest */;
			productType = "com.apple.product-type.bundle.unit-test";
		};
		7E33125B296560B2003A5DE3 /* ElementsUITests */ = {
			isa = PBXNativeTarget;
			buildConfigurationList = 7E33126C296560B2003A5DE3 /* Build configuration list for PBXNativeTarget "ElementsUITests" */;
			buildPhases = (
				7E331258296560B2003A5DE3 /* Sources */,
				7E331259296560B2003A5DE3 /* Frameworks */,
				7E33125A296560B2003A5DE3 /* Resources */,
			);
			buildRules = (
			);
			dependencies = (
				7E33125E296560B2003A5DE3 /* PBXTargetDependency */,
			);
			name = ElementsUITests;
			productName = ElementsUITests;
			productReference = 7E33125C296560B2003A5DE3 /* ElementsUITests.xctest */;
			productType = "com.apple.product-type.bundle.ui-testing";
		};
/* End PBXNativeTarget section */

/* Begin PBXProject section */
		7E331234296560AF003A5DE3 /* Project object */ = {
			isa = PBXProject;
			attributes = {
				BuildIndependentTargetsInParallel = 1;
				LastSwiftUpdateCheck = 1320;
				LastUpgradeCheck = 1320;
				TargetAttributes = {
					7E33123B296560AF003A5DE3 = {
						CreatedOnToolsVersion = 13.2.1;
					};
					7E331251296560B2003A5DE3 = {
						CreatedOnToolsVersion = 13.2.1;
						TestTargetID = 7E33123B296560AF003A5DE3;
					};
					7E33125B296560B2003A5DE3 = {
						CreatedOnToolsVersion = 13.2.1;
						TestTargetID = 7E33123B296560AF003A5DE3;
					};
				};
			};
			buildConfigurationList = 7E331237296560AF003A5DE3 /* Build configuration list for PBXProject "Elements" */;
			compatibilityVersion = "Xcode 13.0";
			developmentRegion = en;
			hasScannedForEncodings = 0;
			knownRegions = (
				en,
				Base,
			);
			mainGroup = 7E331233296560AF003A5DE3;
			productRefGroup = 7E33123D296560AF003A5DE3 /* Products */;
			projectDirPath = "";
			projectRoot = "";
			targets = (
				7E33123B296560AF003A5DE3 /* Elements */,
				7E331251296560B2003A5DE3 /* ElementsTests */,
				7E33125B296560B2003A5DE3 /* ElementsUITests */,
			);
		};
/* End PBXProject section */

/* Begin PBXResourcesBuildPhase section */
		7E33123A296560AF003A5DE3 /* Resources */ = {
			isa = PBXResourcesBuildPhase;
			buildActionMask = 2147483647;
			files = (
				7E33124C296560B2003A5DE3 /* LaunchScreen.storyboard in Resources */,
				7E331249296560B2003A5DE3 /* Assets.xcassets in Resources */,
				7E331247296560B0003A5DE3 /* Main.storyboard in Resources */,
			);
			runOnlyForDeploymentPostprocessing = 0;
		};
		7E331250296560B2003A5DE3 /* Resources */ = {
			isa = PBXResourcesBuildPhase;
			buildActionMask = 2147483647;
			files = (
			);
			runOnlyForDeploymentPostprocessing = 0;
		};
		7E33125A296560B2003A5DE3 /* Resources */ = {
			isa = PBXResourcesBuildPhase;
			buildActionMask = 2147483647;
			files = (
			);
			runOnlyForDeploymentPostprocessing = 0;
		};
/* End PBXResourcesBuildPhase section */

/* Begin PBXSourcesBuildPhase section */
		7E331238296560AF003A5DE3 /* Sources */ = {
			isa = PBXSourcesBuildPhase;
			buildActionMask = 2147483647;
			files = (
				7E331244296560AF003A5DE3 /* ViewController.swift in Sources */,
				7E3312782965640D003A5DE3 /* SegmentControlCell.swift in Sources */,
				7E33127A2965643C003A5DE3 /* SegmentControlOvalCell.swift in Sources */,
				7E331276296561BF003A5DE3 /* Segment.swift in Sources */,
				7E331240296560AF003A5DE3 /* AppDelegate.swift in Sources */,
				7E331242296560AF003A5DE3 /* SceneDelegate.swift in Sources */,
				7E331273296561A1003A5DE3 /* SegmentControl.swift in Sources */,
				7E33128029656549003A5DE3 /* Layout.swift in Sources */,
				7E33127C29656444003A5DE3 /* SegmentControlIndicatorCell.swift in Sources */,
				7E33127E296564AE003A5DE3 /* Alignment.swift in Sources */,
				7E33128229656DAF003A5DE3 /* Style.swift in Sources */,
			);
			runOnlyForDeploymentPostprocessing = 0;
		};
		7E33124E296560B2003A5DE3 /* Sources */ = {
			isa = PBXSourcesBuildPhase;
			buildActionMask = 2147483647;
			files = (
				7E331257296560B2003A5DE3 /* ElementsTests.swift in Sources */,
			);
			runOnlyForDeploymentPostprocessing = 0;
		};
		7E331258296560B2003A5DE3 /* Sources */ = {
			isa = PBXSourcesBuildPhase;
			buildActionMask = 2147483647;
			files = (
				7E331263296560B2003A5DE3 /* ElementsUITestsLaunchTests.swift in Sources */,
				7E331261296560B2003A5DE3 /* ElementsUITests.swift in Sources */,
			);
			runOnlyForDeploymentPostprocessing = 0;
		};
/* End PBXSourcesBuildPhase section */

/* Begin PBXTargetDependency section */
		7E331254296560B2003A5DE3 /* PBXTargetDependency */ = {
			isa = PBXTargetDependency;
			target = 7E33123B296560AF003A5DE3 /* Elements */;
			targetProxy = 7E331253296560B2003A5DE3 /* PBXContainerItemProxy */;
		};
		7E33125E296560B2003A5DE3 /* PBXTargetDependency */ = {
			isa = PBXTargetDependency;
			target = 7E33123B296560AF003A5DE3 /* Elements */;
			targetProxy = 7E33125D296560B2003A5DE3 /* PBXContainerItemProxy */;
		};
/* End PBXTargetDependency section */

/* Begin PBXVariantGroup section */
		7E331245296560B0003A5DE3 /* Main.storyboard */ = {
			isa = PBXVariantGroup;
			children = (
				7E331246296560B0003A5DE3 /* Base */,
			);
			name = Main.storyboard;
			sourceTree = "<group>";
		};
		7E33124A296560B2003A5DE3 /* LaunchScreen.storyboard */ = {
			isa = PBXVariantGroup;
			children = (
				7E33124B296560B2003A5DE3 /* Base */,
			);
			name = LaunchScreen.storyboard;
			sourceTree = "<group>";
		};
/* End PBXVariantGroup section */

/* Begin XCBuildConfiguration section */
		7E331264296560B2003A5DE3 /* Debug */ = {
			isa = XCBuildConfiguration;
			buildSettings = {
				ALWAYS_SEARCH_USER_PATHS = NO;
				CLANG_ANALYZER_NONNULL = YES;
				CLANG_ANALYZER_NUMBER_OBJECT_CONVERSION = YES_AGGRESSIVE;
				CLANG_CXX_LANGUAGE_STANDARD = "gnu++17";
				CLANG_CXX_LIBRARY = "libc++";
				CLANG_ENABLE_MODULES = YES;
				CLANG_ENABLE_OBJC_ARC = YES;
				CLANG_ENABLE_OBJC_WEAK = YES;
				CLANG_WARN_BLOCK_CAPTURE_AUTORELEASING = YES;
				CLANG_WARN_BOOL_CONVERSION = YES;
				CLANG_WARN_COMMA = YES;
				CLANG_WARN_CONSTANT_CONVERSION = YES;
				CLANG_WARN_DEPRECATED_OBJC_IMPLEMENTATIONS = YES;
				CLANG_WARN_DIRECT_OBJC_ISA_USAGE = YES_ERROR;
				CLANG_WARN_DOCUMENTATION_COMMENTS = YES;
				CLANG_WARN_EMPTY_BODY = YES;
				CLANG_WARN_ENUM_CONVERSION = YES;
				CLANG_WARN_INFINITE_RECURSION = YES;
				CLANG_WARN_INT_CONVERSION = YES;
				CLANG_WARN_NON_LITERAL_NULL_CONVERSION = YES;
				CLANG_WARN_OBJC_IMPLICIT_RETAIN_SELF = YES;
				CLANG_WARN_OBJC_LITERAL_CONVERSION = YES;
				CLANG_WARN_OBJC_ROOT_CLASS = YES_ERROR;
				CLANG_WARN_QUOTED_INCLUDE_IN_FRAMEWORK_HEADER = YES;
				CLANG_WARN_RANGE_LOOP_ANALYSIS = YES;
				CLANG_WARN_STRICT_PROTOTYPES = YES;
				CLANG_WARN_SUSPICIOUS_MOVE = YES;
				CLANG_WARN_UNGUARDED_AVAILABILITY = YES_AGGRESSIVE;
				CLANG_WARN_UNREACHABLE_CODE = YES;
				CLANG_WARN__DUPLICATE_METHOD_MATCH = YES;
				COPY_PHASE_STRIP = NO;
				DEBUG_INFORMATION_FORMAT = dwarf;
				ENABLE_STRICT_OBJC_MSGSEND = YES;
				ENABLE_TESTABILITY = YES;
				GCC_C_LANGUAGE_STANDARD = gnu11;
				GCC_DYNAMIC_NO_PIC = NO;
				GCC_NO_COMMON_BLOCKS = YES;
				GCC_OPTIMIZATION_LEVEL = 0;
				GCC_PREPROCESSOR_DEFINITIONS = (
					"DEBUG=1",
					"$(inherited)",
				);
				GCC_WARN_64_TO_32_BIT_CONVERSION = YES;
				GCC_WARN_ABOUT_RETURN_TYPE = YES_ERROR;
				GCC_WARN_UNDECLARED_SELECTOR = YES;
				GCC_WARN_UNINITIALIZED_AUTOS = YES_AGGRESSIVE;
				GCC_WARN_UNUSED_FUNCTION = YES;
				GCC_WARN_UNUSED_VARIABLE = YES;
				IPHONEOS_DEPLOYMENT_TARGET = 15.2;
				MTL_ENABLE_DEBUG_INFO = INCLUDE_SOURCE;
				MTL_FAST_MATH = YES;
				ONLY_ACTIVE_ARCH = YES;
				SDKROOT = iphoneos;
				SWIFT_ACTIVE_COMPILATION_CONDITIONS = DEBUG;
				SWIFT_OPTIMIZATION_LEVEL = "-Onone";
			};
			name = Debug;
		};
		7E331265296560B2003A5DE3 /* Release */ = {
			isa = XCBuildConfiguration;
			buildSettings = {
				ALWAYS_SEARCH_USER_PATHS = NO;
				CLANG_ANALYZER_NONNULL = YES;
				CLANG_ANALYZER_NUMBER_OBJECT_CONVERSION = YES_AGGRESSIVE;
				CLANG_CXX_LANGUAGE_STANDARD = "gnu++17";
				CLANG_CXX_LIBRARY = "libc++";
				CLANG_ENABLE_MODULES = YES;
				CLANG_ENABLE_OBJC_ARC = YES;
				CLANG_ENABLE_OBJC_WEAK = YES;
				CLANG_WARN_BLOCK_CAPTURE_AUTORELEASING = YES;
				CLANG_WARN_BOOL_CONVERSION = YES;
				CLANG_WARN_COMMA = YES;
				CLANG_WARN_CONSTANT_CONVERSION = YES;
				CLANG_WARN_DEPRECATED_OBJC_IMPLEMENTATIONS = YES;
				CLANG_WARN_DIRECT_OBJC_ISA_USAGE = YES_ERROR;
				CLANG_WARN_DOCUMENTATION_COMMENTS = YES;
				CLANG_WARN_EMPTY_BODY = YES;
				CLANG_WARN_ENUM_CONVERSION = YES;
				CLANG_WARN_INFINITE_RECURSION = YES;
				CLANG_WARN_INT_CONVERSION = YES;
				CLANG_WARN_NON_LITERAL_NULL_CONVERSION = YES;
				CLANG_WARN_OBJC_IMPLICIT_RETAIN_SELF = YES;
				CLANG_WARN_OBJC_LITERAL_CONVERSION = YES;
				CLANG_WARN_OBJC_ROOT_CLASS = YES_ERROR;
				CLANG_WARN_QUOTED_INCLUDE_IN_FRAMEWORK_HEADER = YES;
				CLANG_WARN_RANGE_LOOP_ANALYSIS = YES;
				CLANG_WARN_STRICT_PROTOTYPES = YES;
				CLANG_WARN_SUSPICIOUS_MOVE = YES;
				CLANG_WARN_UNGUARDED_AVAILABILITY = YES_AGGRESSIVE;
				CLANG_WARN_UNREACHABLE_CODE = YES;
				CLANG_WARN__DUPLICATE_METHOD_MATCH = YES;
				COPY_PHASE_STRIP = NO;
				DEBUG_INFORMATION_FORMAT = "dwarf-with-dsym";
				ENABLE_NS_ASSERTIONS = NO;
				ENABLE_STRICT_OBJC_MSGSEND = YES;
				GCC_C_LANGUAGE_STANDARD = gnu11;
				GCC_NO_COMMON_BLOCKS = YES;
				GCC_WARN_64_TO_32_BIT_CONVERSION = YES;
				GCC_WARN_ABOUT_RETURN_TYPE = YES_ERROR;
				GCC_WARN_UNDECLARED_SELECTOR = YES;
				GCC_WARN_UNINITIALIZED_AUTOS = YES_AGGRESSIVE;
				GCC_WARN_UNUSED_FUNCTION = YES;
				GCC_WARN_UNUSED_VARIABLE = YES;
				IPHONEOS_DEPLOYMENT_TARGET = 15.2;
				MTL_ENABLE_DEBUG_INFO = NO;
				MTL_FAST_MATH = YES;
				SDKROOT = iphoneos;
				SWIFT_COMPILATION_MODE = wholemodule;
				SWIFT_OPTIMIZATION_LEVEL = "-O";
				VALIDATE_PRODUCT = YES;
			};
			name = Release;
		};
		7E331267296560B2003A5DE3 /* Debug */ = {
			isa = XCBuildConfiguration;
			buildSettings = {
				ASSETCATALOG_COMPILER_APPICON_NAME = AppIcon;
				ASSETCATALOG_COMPILER_GLOBAL_ACCENT_COLOR_NAME = AccentColor;
				CODE_SIGN_STYLE = Automatic;
				CURRENT_PROJECT_VERSION = 1;
				GENERATE_INFOPLIST_FILE = YES;
				INFOPLIST_FILE = Elements/Info.plist;
				INFOPLIST_KEY_UIApplicationSupportsIndirectInputEvents = YES;
				INFOPLIST_KEY_UILaunchStoryboardName = LaunchScreen;
				INFOPLIST_KEY_UIMainStoryboardFile = Main;
				INFOPLIST_KEY_UISupportedInterfaceOrientations_iPad = "UIInterfaceOrientationPortrait UIInterfaceOrientationPortraitUpsideDown UIInterfaceOrientationLandscapeLeft UIInterfaceOrientationLandscapeRight";
				INFOPLIST_KEY_UISupportedInterfaceOrientations_iPhone = "UIInterfaceOrientationPortrait UIInterfaceOrientationLandscapeLeft UIInterfaceOrientationLandscapeRight";
				LD_RUNPATH_SEARCH_PATHS = (
					"$(inherited)",
					"@executable_path/Frameworks",
				);
				MARKETING_VERSION = 1.0;
				PRODUCT_BUNDLE_IDENTIFIER = "-.Elements";
				PRODUCT_NAME = "$(TARGET_NAME)";
				SWIFT_EMIT_LOC_STRINGS = YES;
				SWIFT_VERSION = 5.0;
				TARGETED_DEVICE_FAMILY = "1,2";
			};
			name = Debug;
		};
		7E331268296560B2003A5DE3 /* Release */ = {
			isa = XCBuildConfiguration;
			buildSettings = {
				ASSETCATALOG_COMPILER_APPICON_NAME = AppIcon;
				ASSETCATALOG_COMPILER_GLOBAL_ACCENT_COLOR_NAME = AccentColor;
				CODE_SIGN_STYLE = Automatic;
				CURRENT_PROJECT_VERSION = 1;
				GENERATE_INFOPLIST_FILE = YES;
				INFOPLIST_FILE = Elements/Info.plist;
				INFOPLIST_KEY_UIApplicationSupportsIndirectInputEvents = YES;
				INFOPLIST_KEY_UILaunchStoryboardName = LaunchScreen;
				INFOPLIST_KEY_UIMainStoryboardFile = Main;
				INFOPLIST_KEY_UISupportedInterfaceOrientations_iPad = "UIInterfaceOrientationPortrait UIInterfaceOrientationPortraitUpsideDown UIInterfaceOrientationLandscapeLeft UIInterfaceOrientationLandscapeRight";
				INFOPLIST_KEY_UISupportedInterfaceOrientations_iPhone = "UIInterfaceOrientationPortrait UIInterfaceOrientationLandscapeLeft UIInterfaceOrientationLandscapeRight";
				LD_RUNPATH_SEARCH_PATHS = (
					"$(inherited)",
					"@executable_path/Frameworks",
				);
				MARKETING_VERSION = 1.0;
				PRODUCT_BUNDLE_IDENTIFIER = "-.Elements";
				PRODUCT_NAME = "$(TARGET_NAME)";
				SWIFT_EMIT_LOC_STRINGS = YES;
				SWIFT_VERSION = 5.0;
				TARGETED_DEVICE_FAMILY = "1,2";
			};
			name = Release;
		};
		7E33126A296560B2003A5DE3 /* Debug */ = {
			isa = XCBuildConfiguration;
			buildSettings = {
				ALWAYS_EMBED_SWIFT_STANDARD_LIBRARIES = YES;
				BUNDLE_LOADER = "$(TEST_HOST)";
				CODE_SIGN_STYLE = Automatic;
				CURRENT_PROJECT_VERSION = 1;
				GENERATE_INFOPLIST_FILE = YES;
				IPHONEOS_DEPLOYMENT_TARGET = 15.2;
				MARKETING_VERSION = 1.0;
				PRODUCT_BUNDLE_IDENTIFIER = "-.ElementsTests";
				PRODUCT_NAME = "$(TARGET_NAME)";
				SWIFT_EMIT_LOC_STRINGS = NO;
				SWIFT_VERSION = 5.0;
				TARGETED_DEVICE_FAMILY = "1,2";
				TEST_HOST = "$(BUILT_PRODUCTS_DIR)/Elements.app/Elements";
			};
			name = Debug;
		};
		7E33126B296560B2003A5DE3 /* Release */ = {
			isa = XCBuildConfiguration;
			buildSettings = {
				ALWAYS_EMBED_SWIFT_STANDARD_LIBRARIES = YES;
				BUNDLE_LOADER = "$(TEST_HOST)";
				CODE_SIGN_STYLE = Automatic;
				CURRENT_PROJECT_VERSION = 1;
				GENERATE_INFOPLIST_FILE = YES;
				IPHONEOS_DEPLOYMENT_TARGET = 15.2;
				MARKETING_VERSION = 1.0;
				PRODUCT_BUNDLE_IDENTIFIER = "-.ElementsTests";
				PRODUCT_NAME = "$(TARGET_NAME)";
				SWIFT_EMIT_LOC_STRINGS = NO;
				SWIFT_VERSION = 5.0;
				TARGETED_DEVICE_FAMILY = "1,2";
				TEST_HOST = "$(BUILT_PRODUCTS_DIR)/Elements.app/Elements";
			};
			name = Release;
		};
		7E33126D296560B2003A5DE3 /* Debug */ = {
			isa = XCBuildConfiguration;
			buildSettings = {
				ALWAYS_EMBED_SWIFT_STANDARD_LIBRARIES = YES;
				CODE_SIGN_STYLE = Automatic;
				CURRENT_PROJECT_VERSION = 1;
				GENERATE_INFOPLIST_FILE = YES;
				MARKETING_VERSION = 1.0;
				PRODUCT_BUNDLE_IDENTIFIER = "-.ElementsUITests";
				PRODUCT_NAME = "$(TARGET_NAME)";
				SWIFT_EMIT_LOC_STRINGS = NO;
				SWIFT_VERSION = 5.0;
				TARGETED_DEVICE_FAMILY = "1,2";
				TEST_TARGET_NAME = Elements;
			};
			name = Debug;
		};
		7E33126E296560B2003A5DE3 /* Release */ = {
			isa = XCBuildConfiguration;
			buildSettings = {
				ALWAYS_EMBED_SWIFT_STANDARD_LIBRARIES = YES;
				CODE_SIGN_STYLE = Automatic;
				CURRENT_PROJECT_VERSION = 1;
				GENERATE_INFOPLIST_FILE = YES;
				MARKETING_VERSION = 1.0;
				PRODUCT_BUNDLE_IDENTIFIER = "-.ElementsUITests";
				PRODUCT_NAME = "$(TARGET_NAME)";
				SWIFT_EMIT_LOC_STRINGS = NO;
				SWIFT_VERSION = 5.0;
				TARGETED_DEVICE_FAMILY = "1,2";
				TEST_TARGET_NAME = Elements;
			};
			name = Release;
		};
/* End XCBuildConfiguration section */

/* Begin XCConfigurationList section */
		7E331237296560AF003A5DE3 /* Build configuration list for PBXProject "Elements" */ = {
			isa = XCConfigurationList;
			buildConfigurations = (
				7E331264296560B2003A5DE3 /* Debug */,
				7E331265296560B2003A5DE3 /* Release */,
			);
			defaultConfigurationIsVisible = 0;
			defaultConfigurationName = Release;
		};
		7E331266296560B2003A5DE3 /* Build configuration list for PBXNativeTarget "Elements" */ = {
			isa = XCConfigurationList;
			buildConfigurations = (
				7E331267296560B2003A5DE3 /* Debug */,
				7E331268296560B2003A5DE3 /* Release */,
			);
			defaultConfigurationIsVisible = 0;
			defaultConfigurationName = Release;
		};
		7E331269296560B2003A5DE3 /* Build configuration list for PBXNativeTarget "ElementsTests" */ = {
			isa = XCConfigurationList;
			buildConfigurations = (
				7E33126A296560B2003A5DE3 /* Debug */,
				7E33126B296560B2003A5DE3 /* Release */,
			);
			defaultConfigurationIsVisible = 0;
			defaultConfigurationName = Release;
		};
		7E33126C296560B2003A5DE3 /* Build configuration list for PBXNativeTarget "ElementsUITests" */ = {
			isa = XCConfigurationList;
			buildConfigurations = (
				7E33126D296560B2003A5DE3 /* Debug */,
				7E33126E296560B2003A5DE3 /* Release */,
			);
			defaultConfigurationIsVisible = 0;
			defaultConfigurationName = Release;
		};
/* End XCConfigurationList section */
	};
	rootObject = 7E331234296560AF003A5DE3 /* Project object */;
}
